
Microsoft Visual Studio Solution File, Format Version 12.00
# Visual Studio 14
VisualStudioVersion = 14.0.25123.0
MinimumVisualStudioVersion = 10.0.40219.1
Project("{FAE04EC0-301F-11D3-BF4B-00C04F79EFBC}") = "OGL", "OGL\OGL.csproj", "{853B5920-DF66-459D-8983-687C9B5FE106}"
EndProject
Project("{FAE04EC0-301F-11D3-BF4B-00C04F79EFBC}") = "OGLTest", "OGLTest\OGLTest.csproj", "{449C9F4D-1DD7-414C-A4C6-B2CF4AD406D1}"
EndProject
Global
	GlobalSection(SolutionConfigurationPlatforms) = preSolution
		Debug|Any CPU = Debug|Any CPU
		Release|Any CPU = Release|Any CPU
	EndGlobalSection
	GlobalSection(ProjectConfigurationPlatforms) = postSolution
		{853B5920-DF66-459D-8983-687C9B5FE106}.Debug|Any CPU.ActiveCfg = Debug|Any CPU
		{853B5920-DF66-459D-8983-687C9B5FE106}.Debug|Any CPU.Build.0 = Debug|Any CPU
		{853B5920-DF66-459D-8983-687C9B5FE106}.Release|Any CPU.ActiveCfg = Release|Any CPU
		{853B5920-DF66-459D-8983-687C9B5FE106}.Release|Any CPU.Build.0 = Release|Any CPU
		{449C9F4D-1DD7-414C-A4C6-B2CF4AD406D1}.Debug|Any CPU.ActiveCfg = Debug|Any CPU
		{449C9F4D-1DD7-414C-A4C6-B2CF4AD406D1}.Debug|Any CPU.Build.0 = Debug|Any CPU
		{449C9F4D-1DD7-414C-A4C6-B2CF4AD406D1}.Release|Any CPU.ActiveCfg = Release|Any CPU
		{449C9F4D-1DD7-414C-A4C6-B2CF4AD406D1}.Release|Any CPU.Build.0 = Release|Any CPU
	EndGlobalSection
	GlobalSection(SolutionProperties) = preSolution
		HideSolutionNode = FALSE
	EndGlobalSection
EndGlobal
